
Microsoft Visual Studio Solution File, Format Version 12.00
# Visual Studio Version 16
VisualStudioVersion = 16.0.30320.27
MinimumVisualStudioVersion = 10.0.40219.1
Project("{9A19103F-16F7-4668-BE54-9A1E7A4F7556}") = "AntlrTreeEditing", "AntlrTreeEditing.csproj", "{9544EC61-4D7D-4BE9-A26E-962455D95836}"
EndProject
Global
	GlobalSection(SolutionConfigurationPlatforms) = preSolution
		Debug|Any CPU = Debug|Any CPU
		Release|Any CPU = Release|Any CPU
	EndGlobalSection
	GlobalSection(ProjectConfigurationPlatforms) = postSolution
		{9544EC61-4D7D-4BE9-A26E-962455D95836}.Debug|Any CPU.ActiveCfg = Debug|Any CPU
		{9544EC61-4D7D-4BE9-A26E-962455D95836}.Debug|Any CPU.Build.0 = Debug|Any CPU
		{9544EC61-4D7D-4BE9-A26E-962455D95836}.Release|Any CPU.ActiveCfg = Release|Any CPU
		{9544EC61-4D7D-4BE9-A26E-962455D95836}.Release|Any CPU.Build.0 = Release|Any CPU
	EndGlobalSection
	GlobalSection(SolutionProperties) = preSolution
		HideSolutionNode = FALSE
	EndGlobalSection
	GlobalSection(ExtensibilityGlobals) = postSolution
		SolutionGuid = {EE710355-B48D-4EAC-A395-B5604504F22E}
	EndGlobalSection
EndGlobal
