
Microsoft Visual Studio Solution File, Format Version 12.00
# Visual Studio Version 16
VisualStudioVersion = 16.0.30204.135
MinimumVisualStudioVersion = 10.0.40219.1
Project("{9A19103F-16F7-4668-BE54-9A1E7A4F7556}") = "xpath", "xpath.csproj", "{E5C6E1A6-4F4F-4F6F-A186-F038F48377F6}"
EndProject
Global
	GlobalSection(SolutionConfigurationPlatforms) = preSolution
		Debug|Any CPU = Debug|Any CPU
		Release|Any CPU = Release|Any CPU
	EndGlobalSection
	GlobalSection(ProjectConfigurationPlatforms) = postSolution
		{E5C6E1A6-4F4F-4F6F-A186-F038F48377F6}.Debug|Any CPU.ActiveCfg = Debug|Any CPU
		{E5C6E1A6-4F4F-4F6F-A186-F038F48377F6}.Debug|Any CPU.Build.0 = Debug|Any CPU
		{E5C6E1A6-4F4F-4F6F-A186-F038F48377F6}.Release|Any CPU.ActiveCfg = Release|Any CPU
		{E5C6E1A6-4F4F-4F6F-A186-F038F48377F6}.Release|Any CPU.Build.0 = Release|Any CPU
	EndGlobalSection
	GlobalSection(SolutionProperties) = preSolution
		HideSolutionNode = FALSE
	EndGlobalSection
	GlobalSection(ExtensibilityGlobals) = postSolution
		SolutionGuid = {ECDEDCBB-A25B-4D99-A62E-312A02C3D376}
	EndGlobalSection
EndGlobal
